
Microsoft Visual Studio Solution File, Format Version 12.00
# Visual Studio Version 16
VisualStudioVersion = 16.0.31025.194
MinimumVisualStudioVersion = 10.0.40219.1
Project("{9A19103F-16F7-4668-BE54-9A1E7A4F7556}") = "CBTwelveInterface", "CBTwelveInterface\CBTwelveInterface.csproj", "{0E9F2FC6-48BB-40BB-AD8C-8DDB4068840D}"
EndProject
Project("{9A19103F-16F7-4668-BE54-9A1E7A4F7556}") = "CBTaskManager", "CBTaskManager\CBTaskManager.csproj", "{A66525DD-7C82-4B36-B5A1-590821B6975C}"
EndProject
Global
	GlobalSection(SolutionConfigurationPlatforms) = preSolution
		Debug|Any CPU = Debug|Any CPU
		Release|Any CPU = Release|Any CPU
	EndGlobalSection
	GlobalSection(ProjectConfigurationPlatforms) = postSolution
		{0E9F2FC6-48BB-40BB-AD8C-8DDB4068840D}.Debug|Any CPU.ActiveCfg = Debug|Any CPU
		{0E9F2FC6-48BB-40BB-AD8C-8DDB4068840D}.Debug|Any CPU.Build.0 = Debug|Any CPU
		{0E9F2FC6-48BB-40BB-AD8C-8DDB4068840D}.Release|Any CPU.ActiveCfg = Release|Any CPU
		{0E9F2FC6-48BB-40BB-AD8C-8DDB4068840D}.Release|Any CPU.Build.0 = Release|Any CPU
		{A66525DD-7C82-4B36-B5A1-590821B6975C}.Debug|Any CPU.ActiveCfg = Debug|Any CPU
		{A66525DD-7C82-4B36-B5A1-590821B6975C}.Debug|Any CPU.Build.0 = Debug|Any CPU
		{A66525DD-7C82-4B36-B5A1-590821B6975C}.Release|Any CPU.ActiveCfg = Release|Any CPU
		{A66525DD-7C82-4B36-B5A1-590821B6975C}.Release|Any CPU.Build.0 = Release|Any CPU
	EndGlobalSection
	GlobalSection(SolutionProperties) = preSolution
		HideSolutionNode = FALSE
	EndGlobalSection
	GlobalSection(ExtensibilityGlobals) = postSolution
		SolutionGuid = {C0AB9860-0AD4-4B10-96C3-768228539AB4}
	EndGlobalSection
EndGlobal
